
Microsoft Visual Studio Solution File, Format Version 12.00
# Visual Studio 15
VisualStudioVersion = 15.0.26730.15
MinimumVisualStudioVersion = 10.0.40219.1
Project("{FAE04EC0-301F-11D3-BF4B-00C04F79EFBC}") = "ArcoMaig", "ArcoMaig\ArcoMaig.csproj", "{3DCDBE92-23E6-4705-810A-A7EB12D5AE7F}"
EndProject
Global
	GlobalSection(SolutionConfigurationPlatforms) = preSolution
		Debug|Any CPU = Debug|Any CPU
		Release|Any CPU = Release|Any CPU
	EndGlobalSection
	GlobalSection(ProjectConfigurationPlatforms) = postSolution
		{3DCDBE92-23E6-4705-810A-A7EB12D5AE7F}.Debug|Any CPU.ActiveCfg = Debug|Any CPU
		{3DCDBE92-23E6-4705-810A-A7EB12D5AE7F}.Debug|Any CPU.Build.0 = Debug|Any CPU
		{3DCDBE92-23E6-4705-810A-A7EB12D5AE7F}.Release|Any CPU.ActiveCfg = Release|Any CPU
		{3DCDBE92-23E6-4705-810A-A7EB12D5AE7F}.Release|Any CPU.Build.0 = Release|Any CPU
	EndGlobalSection
	GlobalSection(SolutionProperties) = preSolution
		HideSolutionNode = FALSE
	EndGlobalSection
	GlobalSection(ExtensibilityGlobals) = postSolution
		SolutionGuid = {61C96D98-CE28-4530-A685-F2EF6D53D25B}
	EndGlobalSection
EndGlobal
